
Microsoft Visual Studio Solution File, Format Version 12.00
# Visual Studio Version 17
VisualStudioVersion = 17.5.002.0
MinimumVisualStudioVersion = 10.0.40219.1
Project("{9A19103F-16F7-4668-BE54-9A1E7A4F7556}") = "eShop.AspNetCore", "eShop.AspNetCore.csproj", "{1CB1404B-1166-4531-8422-94CBA7B0E156}"
EndProject
Project("{9A19103F-16F7-4668-BE54-9A1E7A4F7556}") = "eShopFramework", "eShopFramework.csproj", "{F9CEBE55-D722-4631-99F7-F8F514962A64}"
EndProject
Global
	GlobalSection(SolutionConfigurationPlatforms) = preSolution
		Debug|Any CPU = Debug|Any CPU
		Release|Any CPU = Release|Any CPU
	EndGlobalSection
	GlobalSection(ProjectConfigurationPlatforms) = postSolution
		{1CB1404B-1166-4531-8422-94CBA7B0E156}.Debug|Any CPU.ActiveCfg = Debug|Any CPU
		{1CB1404B-1166-4531-8422-94CBA7B0E156}.Debug|Any CPU.Build.0 = Debug|Any CPU
		{1CB1404B-1166-4531-8422-94CBA7B0E156}.Release|Any CPU.ActiveCfg = Release|Any CPU
		{1CB1404B-1166-4531-8422-94CBA7B0E156}.Release|Any CPU.Build.0 = Release|Any CPU
		{F9CEBE55-D722-4631-99F7-F8F514962A64}.Debug|Any CPU.ActiveCfg = Debug|Any CPU
		{F9CEBE55-D722-4631-99F7-F8F514962A64}.Debug|Any CPU.Build.0 = Debug|Any CPU
		{F9CEBE55-D722-4631-99F7-F8F514962A64}.Release|Any CPU.ActiveCfg = Release|Any CPU
		{F9CEBE55-D722-4631-99F7-F8F514962A64}.Release|Any CPU.Build.0 = Release|Any CPU
	EndGlobalSection
	GlobalSection(SolutionProperties) = preSolution
		HideSolutionNode = FALSE
	EndGlobalSection
	GlobalSection(ExtensibilityGlobals) = postSolution
		SolutionGuid = {7DF22EFD-ED9E-4C06-B855-E496F8534BFD}
	EndGlobalSection
EndGlobal
